
Microsoft Visual Studio Solution File, Format Version 12.00
# Visual Studio Version 16
VisualStudioVersion = 16.0.31424.327
MinimumVisualStudioVersion = 10.0.40219.1
Project("{FAE04EC0-301F-11D3-BF4B-00C04F79EFBC}") = "CreditCardValidatorLib", "CreditCardValidatorLib\CreditCardValidatorLib.csproj", "{AD4586C4-2ED2-4C12-8091-C0AA7FEBBB34}"
EndProject
Project("{FAE04EC0-301F-11D3-BF4B-00C04F79EFBC}") = "CreditCardValidatorLib.Tests", "CreditCardValidatorLib.Tests\CreditCardValidatorLib.Tests.csproj", "{C90DA87C-3959-46F6-8017-CD5E60601DAA}"
EndProject
Project("{FAE04EC0-301F-11D3-BF4B-00C04F79EFBC}") = "CheckCreditCardNumber", "CheckCreditCardNumber\CheckCreditCardNumber.csproj", "{A4015C31-F168-4333-860F-BEB17013F6B9}"
EndProject
Global
	GlobalSection(SolutionConfigurationPlatforms) = preSolution
		Debug|Any CPU = Debug|Any CPU
		Release|Any CPU = Release|Any CPU
	EndGlobalSection
	GlobalSection(ProjectConfigurationPlatforms) = postSolution
		{AD4586C4-2ED2-4C12-8091-C0AA7FEBBB34}.Debug|Any CPU.ActiveCfg = Debug|Any CPU
		{AD4586C4-2ED2-4C12-8091-C0AA7FEBBB34}.Debug|Any CPU.Build.0 = Debug|Any CPU
		{AD4586C4-2ED2-4C12-8091-C0AA7FEBBB34}.Release|Any CPU.ActiveCfg = Release|Any CPU
		{AD4586C4-2ED2-4C12-8091-C0AA7FEBBB34}.Release|Any CPU.Build.0 = Release|Any CPU
		{C90DA87C-3959-46F6-8017-CD5E60601DAA}.Debug|Any CPU.ActiveCfg = Debug|Any CPU
		{C90DA87C-3959-46F6-8017-CD5E60601DAA}.Debug|Any CPU.Build.0 = Debug|Any CPU
		{C90DA87C-3959-46F6-8017-CD5E60601DAA}.Release|Any CPU.ActiveCfg = Release|Any CPU
		{C90DA87C-3959-46F6-8017-CD5E60601DAA}.Release|Any CPU.Build.0 = Release|Any CPU
		{A4015C31-F168-4333-860F-BEB17013F6B9}.Debug|Any CPU.ActiveCfg = Debug|Any CPU
		{A4015C31-F168-4333-860F-BEB17013F6B9}.Debug|Any CPU.Build.0 = Debug|Any CPU
		{A4015C31-F168-4333-860F-BEB17013F6B9}.Release|Any CPU.ActiveCfg = Release|Any CPU
		{A4015C31-F168-4333-860F-BEB17013F6B9}.Release|Any CPU.Build.0 = Release|Any CPU
	EndGlobalSection
	GlobalSection(SolutionProperties) = preSolution
		HideSolutionNode = FALSE
	EndGlobalSection
	GlobalSection(ExtensibilityGlobals) = postSolution
		SolutionGuid = {1F8FD105-1D3B-491B-937B-884B97DADC64}
	EndGlobalSection
EndGlobal
